// !$*UTF8*$!
{
	archiveVersion = 1;
	classes = {
	};
	objectVersion = 50;
	objects = {

/* Begin PBXBuildFile section */
		80BC1CDC21F3158300A0ADF4 /* AppDelegate.swift in Sources */ = {isa = PBXBuildFile; fileRef = 80BC1CDB21F3158300A0ADF4 /* AppDelegate.swift */; };
		80BC1CDE21F3158300A0ADF4 /* ViewController.swift in Sources */ = {isa = PBXBuildFile; fileRef = 80BC1CDD21F3158300A0ADF4 /* ViewController.swift */; };
		80BC1CE121F3158300A0ADF4 /* Main.storyboard in Resources */ = {isa = PBXBuildFile; fileRef = 80BC1CDF21F3158300A0ADF4 /* Main.storyboard */; };
		80BC1CE321F3158500A0ADF4 /* Assets.xcassets in Resources */ = {isa = PBXBuildFile; fileRef = 80BC1CE221F3158500A0ADF4 /* Assets.xcassets */; };
		80BC1CE621F3158500A0ADF4 /* LaunchScreen.storyboard in Resources */ = {isa = PBXBuildFile; fileRef = 80BC1CE421F3158500A0ADF4 /* LaunchScreen.storyboard */; };
		80BC1CF121F31C4000A0ADF4 /* AppleProduct.swift in Sources */ = {isa = PBXBuildFile; fileRef = 80BC1CF021F31C4000A0ADF4 /* AppleProduct.swift */; };
		80BC1CF321F31F3400A0ADF4 /* CustomView.swift in Sources */ = {isa = PBXBuildFile; fileRef = 80BC1CF221F31F3400A0ADF4 /* CustomView.swift */; };
/* End PBXBuildFile section */

/* Begin PBXFileReference section */
		80BC1CD821F3158300A0ADF4 /* MVC Architecture.app */ = {isa = PBXFileReference; explicitFileType = wrapper.application; includeInIndex = 0; path = "MVC Architecture.app"; sourceTree = BUILT_PRODUCTS_DIR; };
		80BC1CDB21F3158300A0ADF4 /* AppDelegate.swift */ = {isa = PBXFileReference; lastKnownFileType = sourcecode.swift; path = AppDelegate.swift; sourceTree = "<group>"; };
		80BC1CDD21F3158300A0ADF4 /* ViewController.swift */ = {isa = PBXFileReference; lastKnownFileType = sourcecode.swift; path = ViewController.swift; sourceTree = "<group>"; };
		80BC1CE021F3158300A0ADF4 /* Base */ = {isa = PBXFileReference; lastKnownFileType = file.storyboard; name = Base; path = Base.lproj/Main.storyboard; sourceTree = "<group>"; };
		80BC1CE221F3158500A0ADF4 /* Assets.xcassets */ = {isa = PBXFileReference; lastKnownFileType = folder.assetcatalog; path = Assets.xcassets; sourceTree = "<group>"; };
		80BC1CE521F3158500A0ADF4 /* Base */ = {isa = PBXFileReference; lastKnownFileType = file.storyboard; name = Base; path = Base.lproj/LaunchScreen.storyboard; sourceTree = "<group>"; };
		80BC1CE721F3158500A0ADF4 /* Info.plist */ = {isa = PBXFileReference; lastKnownFileType = text.plist.xml; path = Info.plist; sourceTree = "<group>"; };
		80BC1CF021F31C4000A0ADF4 /* AppleProduct.swift */ = {isa = PBXFileReference; lastKnownFileType = sourcecode.swift; path = AppleProduct.swift; sourceTree = "<group>"; };
		80BC1CF221F31F3400A0ADF4 /* CustomView.swift */ = {isa = PBXFileReference; lastKnownFileType = sourcecode.swift; path = CustomView.swift; sourceTree = "<group>"; };
/* End PBXFileReference section */

/* Begin PBXFrameworksBuildPhase section */
		80BC1CD521F3158300A0ADF4 /* Frameworks */ = {
			isa = PBXFrameworksBuildPhase;
			buildActionMask = 2147483647;
			files = (
			);
			runOnlyForDeploymentPostprocessing = 0;
		};
/* End PBXFrameworksBuildPhase section */

/* Begin PBXGroup section */
		80BC1CCF21F3158300A0ADF4 = {
			isa = PBXGroup;
			children = (
				80BC1CDA21F3158300A0ADF4 /* MVC Architecture */,
				80BC1CD921F3158300A0ADF4 /* Products */,
			);
			sourceTree = "<group>";
		};
		80BC1CD921F3158300A0ADF4 /* Products */ = {
			isa = PBXGroup;
			children = (
				80BC1CD821F3158300A0ADF4 /* MVC Architecture.app */,
			);
			name = Products;
			sourceTree = "<group>";
		};
		80BC1CDA21F3158300A0ADF4 /* MVC Architecture */ = {
			isa = PBXGroup;
			children = (
				80BC1CED21F31A8300A0ADF4 /* Model */,
				80BC1CEE21F31A9300A0ADF4 /* View */,
				80BC1CEF21F31A9900A0ADF4 /* Controller */,
				80BC1CDB21F3158300A0ADF4 /* AppDelegate.swift */,
				80BC1CDF21F3158300A0ADF4 /* Main.storyboard */,
				80BC1CE221F3158500A0ADF4 /* Assets.xcassets */,
				80BC1CE421F3158500A0ADF4 /* LaunchScreen.storyboard */,
				80BC1CE721F3158500A0ADF4 /* Info.plist */,
			);
			path = "MVC Architecture";
			sourceTree = "<group>";
		};
		80BC1CED21F31A8300A0ADF4 /* Model */ = {
			isa = PBXGroup;
			children = (
				80BC1CF021F31C4000A0ADF4 /* AppleProduct.swift */,
			);
			path = Model;
			sourceTree = "<group>";
		};
		80BC1CEE21F31A9300A0ADF4 /* View */ = {
			isa = PBXGroup;
			children = (
				80BC1CF221F31F3400A0ADF4 /* CustomView.swift */,
			);
			path = View;
			sourceTree = "<group>";
		};
		80BC1CEF21F31A9900A0ADF4 /* Controller */ = {
			isa = PBXGroup;
			children = (
				80BC1CDD21F3158300A0ADF4 /* ViewController.swift */,
			);
			path = Controller;
			sourceTree = "<group>";
		};
/* End PBXGroup section */

/* Begin PBXNativeTarget section */
		80BC1CD721F3158300A0ADF4 /* MVC Architecture */ = {
			isa = PBXNativeTarget;
			buildConfigurationList = 80BC1CEA21F3158500A0ADF4 /* Build configuration list for PBXNativeTarget "MVC Architecture" */;
			buildPhases = (
				80BC1CD421F3158300A0ADF4 /* Sources */,
				80BC1CD521F3158300A0ADF4 /* Frameworks */,
				80BC1CD621F3158300A0ADF4 /* Resources */,
			);
			buildRules = (
			);
			dependencies = (
			);
			name = "MVC Architecture";
			productName = "MVC Architecture";
			productReference = 80BC1CD821F3158300A0ADF4 /* MVC Architecture.app */;
			productType = "com.apple.product-type.application";
		};
/* End PBXNativeTarget section */

/* Begin PBXProject section */
		80BC1CD021F3158300A0ADF4 /* Project object */ = {
			isa = PBXProject;
			attributes = {
				LastSwiftUpdateCheck = 1010;
				LastUpgradeCheck = 1010;
				ORGANIZATIONNAME = "Vivek Rai";
				TargetAttributes = {
					80BC1CD721F3158300A0ADF4 = {
						CreatedOnToolsVersion = 10.1;
					};
				};
			};
			buildConfigurationList = 80BC1CD321F3158300A0ADF4 /* Build configuration list for PBXProject "MVC Architecture" */;
			compatibilityVersion = "Xcode 9.3";
			developmentRegion = en;
			hasScannedForEncodings = 0;
			knownRegions = (
				en,
				Base,
			);
			mainGroup = 80BC1CCF21F3158300A0ADF4;
			productRefGroup = 80BC1CD921F3158300A0ADF4 /* Products */;
			projectDirPath = "";
			projectRoot = "";
			targets = (
				80BC1CD721F3158300A0ADF4 /* MVC Architecture */,
			);
		};
/* End PBXProject section */

/* Begin PBXResourcesBuildPhase section */
		80BC1CD621F3158300A0ADF4 /* Resources */ = {
			isa = PBXResourcesBuildPhase;
			buildActionMask = 2147483647;
			files = (
				80BC1CE621F3158500A0ADF4 /* LaunchScreen.storyboard in Resources */,
				80BC1CE321F3158500A0ADF4 /* Assets.xcassets in Resources */,
				80BC1CE121F3158300A0ADF4 /* Main.storyboard in Resources */,
			);
			runOnlyForDeploymentPostprocessing = 0;
		};
/* End PBXResourcesBuildPhase section */

/* Begin PBXSourcesBuildPhase section */
		80BC1CD421F3158300A0ADF4 /* Sources */ = {
			isa = PBXSourcesBuildPhase;
			buildActionMask = 2147483647;
			files = (
				80BC1CF121F31C4000A0ADF4 /* AppleProduct.swift in Sources */,
				80BC1CF321F31F3400A0ADF4 /* CustomView.swift in Sources */,
				80BC1CDE21F3158300A0ADF4 /* ViewController.swift in Sources */,
				80BC1CDC21F3158300A0ADF4 /* AppDelegate.swift in Sources */,
			);
			runOnlyForDeploymentPostprocessing = 0;
		};
/* End PBXSourcesBuildPhase section */

/* Begin PBXVariantGroup section */
		80BC1CDF21F3158300A0ADF4 /* Main.storyboard */ = {
			isa = PBXVariantGroup;
			children = (
				80BC1CE021F3158300A0ADF4 /* Base */,
			);
			name = Main.storyboard;
			sourceTree = "<group>";
		};
		80BC1CE421F3158500A0ADF4 /* LaunchScreen.storyboard */ = {
			isa = PBXVariantGroup;
			children = (
				80BC1CE521F3158500A0ADF4 /* Base */,
			);
			name = LaunchScreen.storyboard;
			sourceTree = "<group>";
		};
/* End PBXVariantGroup section */

/* Begin XCBuildConfiguration section */
		80BC1CE821F3158500A0ADF4 /* Debug */ = {
			isa = XCBuildConfiguration;
			buildSettings = {
				ALWAYS_SEARCH_USER_PATHS = NO;
				CLANG_ANALYZER_NONNULL = YES;
				CLANG_ANALYZER_NUMBER_OBJECT_CONVERSION = YES_AGGRESSIVE;
				CLANG_CXX_LANGUAGE_STANDARD = "gnu++14";
				CLANG_CXX_LIBRARY = "libc++";
				CLANG_ENABLE_MODULES = YES;
				CLANG_ENABLE_OBJC_ARC = YES;
				CLANG_ENABLE_OBJC_WEAK = YES;
				CLANG_WARN_BLOCK_CAPTURE_AUTORELEASING = YES;
				CLANG_WARN_BOOL_CONVERSION = YES;
				CLANG_WARN_COMMA = YES;
				CLANG_WARN_CONSTANT_CONVERSION = YES;
				CLANG_WARN_DEPRECATED_OBJC_IMPLEMENTATIONS = YES;
				CLANG_WARN_DIRECT_OBJC_ISA_USAGE = YES_ERROR;
				CLANG_WARN_DOCUMENTATION_COMMENTS = YES;
				CLANG_WARN_EMPTY_BODY = YES;
				CLANG_WARN_ENUM_CONVERSION = YES;
				CLANG_WARN_INFINITE_RECURSION = YES;
				CLANG_WARN_INT_CONVERSION = YES;
				CLANG_WARN_NON_LITERAL_NULL_CONVERSION = YES;
				CLANG_WARN_OBJC_IMPLICIT_RETAIN_SELF = YES;
				CLANG_WARN_OBJC_LITERAL_CONVERSION = YES;
				CLANG_WARN_OBJC_ROOT_CLASS = YES_ERROR;
				CLANG_WARN_RANGE_LOOP_ANALYSIS = YES;
				CLANG_WARN_STRICT_PROTOTYPES = YES;
				CLANG_WARN_SUSPICIOUS_MOVE = YES;
				CLANG_WARN_UNGUARDED_AVAILABILITY = YES_AGGRESSIVE;
				CLANG_WARN_UNREACHABLE_CODE = YES;
				CLANG_WARN__DUPLICATE_METHOD_MATCH = YES;
				CODE_SIGN_IDENTITY = "iPhone Developer";
				COPY_PHASE_STRIP = NO;
				DEBUG_INFORMATION_FORMAT = dwarf;
				ENABLE_STRICT_OBJC_MSGSEND = YES;
				ENABLE_TESTABILITY = YES;
				GCC_C_LANGUAGE_STANDARD = gnu11;
				GCC_DYNAMIC_NO_PIC = NO;
				GCC_NO_COMMON_BLOCKS = YES;
				GCC_OPTIMIZATION_LEVEL = 0;
				GCC_PREPROCESSOR_DEFINITIONS = (
					"DEBUG=1",
					"$(inherited)",
				);
				GCC_WARN_64_TO_32_BIT_CONVERSION = YES;
				GCC_WARN_ABOUT_RETURN_TYPE = YES_ERROR;
				GCC_WARN_UNDECLARED_SELECTOR = YES;
				GCC_WARN_UNINITIALIZED_AUTOS = YES_AGGRESSIVE;
				GCC_WARN_UNUSED_FUNCTION = YES;
				GCC_WARN_UNUSED_VARIABLE = YES;
				IPHONEOS_DEPLOYMENT_TARGET = 12.1;
				MTL_ENABLE_DEBUG_INFO = INCLUDE_SOURCE;
				MTL_FAST_MATH = YES;
				ONLY_ACTIVE_ARCH = YES;
				SDKROOT = iphoneos;
				SWIFT_ACTIVE_COMPILATION_CONDITIONS = DEBUG;
				SWIFT_OPTIMIZATION_LEVEL = "-Onone";
			};
			name = Debug;
		};
		80BC1CE921F3158500A0ADF4 /* Release */ = {
			isa = XCBuildConfiguration;
			buildSettings = {
				ALWAYS_SEARCH_USER_PATHS = NO;
				CLANG_ANALYZER_NONNULL = YES;
				CLANG_ANALYZER_NUMBER_OBJECT_CONVERSION = YES_AGGRESSIVE;
				CLANG_CXX_LANGUAGE_STANDARD = "gnu++14";
				CLANG_CXX_LIBRARY = "libc++";
				CLANG_ENABLE_MODULES = YES;
				CLANG_ENABLE_OBJC_ARC = YES;
				CLANG_ENABLE_OBJC_WEAK = YES;
				CLANG_WARN_BLOCK_CAPTURE_AUTORELEASING = YES;
				CLANG_WARN_BOOL_CONVERSION = YES;
				CLANG_WARN_COMMA = YES;
				CLANG_WARN_CONSTANT_CONVERSION = YES;
				CLANG_WARN_DEPRECATED_OBJC_IMPLEMENTATIONS = YES;
				CLANG_WARN_DIRECT_OBJC_ISA_USAGE = YES_ERROR;
				CLANG_WARN_DOCUMENTATION_COMMENTS = YES;
				CLANG_WARN_EMPTY_BODY = YES;
				CLANG_WARN_ENUM_CONVERSION = YES;
				CLANG_WARN_INFINITE_RECURSION = YES;
				CLANG_WARN_INT_CONVERSION = YES;
				CLANG_WARN_NON_LITERAL_NULL_CONVERSION = YES;
				CLANG_WARN_OBJC_IMPLICIT_RETAIN_SELF = YES;
				CLANG_WARN_OBJC_LITERAL_CONVERSION = YES;
				CLANG_WARN_OBJC_ROOT_CLASS = YES_ERROR;
				CLANG_WARN_RANGE_LOOP_ANALYSIS = YES;
				CLANG_WARN_STRICT_PROTOTYPES = YES;
				CLANG_WARN_SUSPICIOUS_MOVE = YES;
				CLANG_WARN_UNGUARDED_AVAILABILITY = YES_AGGRESSIVE;
				CLANG_WARN_UNREACHABLE_CODE = YES;
				CLANG_WARN__DUPLICATE_METHOD_MATCH = YES;
				CODE_SIGN_IDENTITY = "iPhone Developer";
				COPY_PHASE_STRIP = NO;
				DEBUG_INFORMATION_FORMAT = "dwarf-with-dsym";
				ENABLE_NS_ASSERTIONS = NO;
				ENABLE_STRICT_OBJC_MSGSEND = YES;
				GCC_C_LANGUAGE_STANDARD = gnu11;
				GCC_NO_COMMON_BLOCKS = YES;
				GCC_WARN_64_TO_32_BIT_CONVERSION = YES;
				GCC_WARN_ABOUT_RETURN_TYPE = YES_ERROR;
				GCC_WARN_UNDECLARED_SELECTOR = YES;
				GCC_WARN_UNINITIALIZED_AUTOS = YES_AGGRESSIVE;
				GCC_WARN_UNUSED_FUNCTION = YES;
				GCC_WARN_UNUSED_VARIABLE = YES;
				IPHONEOS_DEPLOYMENT_TARGET = 12.1;
				MTL_ENABLE_DEBUG_INFO = NO;
				MTL_FAST_MATH = YES;
				SDKROOT = iphoneos;
				SWIFT_COMPILATION_MODE = wholemodule;
				SWIFT_OPTIMIZATION_LEVEL = "-O";
				VALIDATE_PRODUCT = YES;
			};
			name = Release;
		};
		80BC1CEB21F3158500A0ADF4 /* Debug */ = {
			isa = XCBuildConfiguration;
			buildSettings = {
				ASSETCATALOG_COMPILER_APPICON_NAME = AppIcon;
				CODE_SIGN_STYLE = Automatic;
				DEVELOPMENT_TEAM = X9VVW4ZPQS;
				INFOPLIST_FILE = "MVC Architecture/Info.plist";
				LD_RUNPATH_SEARCH_PATHS = (
					"$(inherited)",
					"@executable_path/Frameworks",
				);
				PRODUCT_BUNDLE_IDENTIFIER = "com.vivekraipixagram.vivekrai.MVC-Architecture";
				PRODUCT_NAME = "$(TARGET_NAME)";
				SWIFT_VERSION = 4.2;
				TARGETED_DEVICE_FAMILY = "1,2";
			};
			name = Debug;
		};
		80BC1CEC21F3158500A0ADF4 /* Release */ = {
			isa = XCBuildConfiguration;
			buildSettings = {
				ASSETCATALOG_COMPILER_APPICON_NAME = AppIcon;
				CODE_SIGN_STYLE = Automatic;
				DEVELOPMENT_TEAM = X9VVW4ZPQS;
				INFOPLIST_FILE = "MVC Architecture/Info.plist";
				LD_RUNPATH_SEARCH_PATHS = (
					"$(inherited)",
					"@executable_path/Frameworks",
				);
				PRODUCT_BUNDLE_IDENTIFIER = "com.vivekraipixagram.vivekrai.MVC-Architecture";
				PRODUCT_NAME = "$(TARGET_NAME)";
				SWIFT_VERSION = 4.2;
				TARGETED_DEVICE_FAMILY = "1,2";
			};
			name = Release;
		};
/* End XCBuildConfiguration section */

/* Begin XCConfigurationList section */
		80BC1CD321F3158300A0ADF4 /* Build configuration list for PBXProject "MVC Architecture" */ = {
			isa = XCConfigurationList;
			buildConfigurations = (
				80BC1CE821F3158500A0ADF4 /* Debug */,
				80BC1CE921F3158500A0ADF4 /* Release */,
			);
			defaultConfigurationIsVisible = 0;
			defaultConfigurationName = Release;
		};
		80BC1CEA21F3158500A0ADF4 /* Build configuration list for PBXNativeTarget "MVC Architecture" */ = {
			isa = XCConfigurationList;
			buildConfigurations = (
				80BC1CEB21F3158500A0ADF4 /* Debug */,
				80BC1CEC21F3158500A0ADF4 /* Release */,
			);
			defaultConfigurationIsVisible = 0;
			defaultConfigurationName = Release;
		};
/* End XCConfigurationList section */
	};
	rootObject = 80BC1CD021F3158300A0ADF4 /* Project object */;
}
